
Microsoft Visual Studio Solution File, Format Version 11.00
# Visual Studio 2010
Project("{FAE04EC0-301F-11D3-BF4B-00C04F79EFBC}") = "ProjecteFinal_3", "Assembly-CSharp.csproj", "{790FBA7E-3482-F3C6-A739-40F606A1C5FE}"
EndProject
Global
	GlobalSection(SolutionConfigurationPlatforms) = preSolution
		Debug|Any CPU = Debug|Any CPU
		Release|Any CPU = Release|Any CPU
	EndGlobalSection
	GlobalSection(ProjectConfigurationPlatforms) = postSolution
		{790FBA7E-3482-F3C6-A739-40F606A1C5FE}.Debug|Any CPU.ActiveCfg = Debug|Any CPU
		{790FBA7E-3482-F3C6-A739-40F606A1C5FE}.Debug|Any CPU.Build.0 = Debug|Any CPU
		{790FBA7E-3482-F3C6-A739-40F606A1C5FE}.Release|Any CPU.ActiveCfg = Release|Any CPU
		{790FBA7E-3482-F3C6-A739-40F606A1C5FE}.Release|Any CPU.Build.0 = Release|Any CPU
	EndGlobalSection
	GlobalSection(SolutionProperties) = preSolution
		HideSolutionNode = FALSE
	EndGlobalSection
	GlobalSection(MonoDevelopProperties) = preSolution
		StartupItem = Assembly-CSharp.csproj
	EndGlobalSection
EndGlobal
